// !$*UTF8*$!
{
	archiveVersion = 1;
	classes = {
	};
	objectVersion = 48;
	objects = {

/* Begin PBXBuildFile section */
		6E2883AE1FC2EFE2002A012E /* AppDelegate.swift in Sources */ = {isa = PBXBuildFile; fileRef = 6E2883AD1FC2EFE2002A012E /* AppDelegate.swift */; };
		6E2883B31FC2EFE2002A012E /* Main.storyboard in Resources */ = {isa = PBXBuildFile; fileRef = 6E2883B11FC2EFE2002A012E /* Main.storyboard */; };
		6E2883B51FC2EFE2002A012E /* Assets.xcassets in Resources */ = {isa = PBXBuildFile; fileRef = 6E2883B41FC2EFE2002A012E /* Assets.xcassets */; };
		6E2883B81FC2EFE2002A012E /* LaunchScreen.storyboard in Resources */ = {isa = PBXBuildFile; fileRef = 6E2883B61FC2EFE2002A012E /* LaunchScreen.storyboard */; };
		6E2883C31FC2EFE3002A012E /* xcuitestexampleTests.swift in Sources */ = {isa = PBXBuildFile; fileRef = 6E2883C21FC2EFE3002A012E /* xcuitestexampleTests.swift */; };
		6E2883CE1FC2EFE3002A012E /* xcuitestexampleUITests.swift in Sources */ = {isa = PBXBuildFile; fileRef = 6E2883CD1FC2EFE3002A012E /* xcuitestexampleUITests.swift */; };
		6E2883DC1FC2F35E002A012E /* MainViewController.swift in Sources */ = {isa = PBXBuildFile; fileRef = 6E2883DB1FC2F35E002A012E /* MainViewController.swift */; };
		6E2883DD1FC2F35E002A012E /* MainViewController.swift in Sources */ = {isa = PBXBuildFile; fileRef = 6E2883DB1FC2F35E002A012E /* MainViewController.swift */; };
		6E2883DE1FC2F35E002A012E /* MainViewController.swift in Sources */ = {isa = PBXBuildFile; fileRef = 6E2883DB1FC2F35E002A012E /* MainViewController.swift */; };
		6E2883E01FC3001B002A012E /* TodoItemViewController.swift in Sources */ = {isa = PBXBuildFile; fileRef = 6E2883DF1FC3001B002A012E /* TodoItemViewController.swift */; };
		6E2883E11FC3001B002A012E /* TodoItemViewController.swift in Sources */ = {isa = PBXBuildFile; fileRef = 6E2883DF1FC3001B002A012E /* TodoItemViewController.swift */; };
		6E2883E21FC3001B002A012E /* TodoItemViewController.swift in Sources */ = {isa = PBXBuildFile; fileRef = 6E2883DF1FC3001B002A012E /* TodoItemViewController.swift */; };
/* End PBXBuildFile section */

/* Begin PBXContainerItemProxy section */
		6E2883BF1FC2EFE3002A012E /* PBXContainerItemProxy */ = {
			isa = PBXContainerItemProxy;
			containerPortal = 6E2883A21FC2EFE2002A012E /* Project object */;
			proxyType = 1;
			remoteGlobalIDString = 6E2883A91FC2EFE2002A012E;
			remoteInfo = xcuitestexample;
		};
		6E2883CA1FC2EFE3002A012E /* PBXContainerItemProxy */ = {
			isa = PBXContainerItemProxy;
			containerPortal = 6E2883A21FC2EFE2002A012E /* Project object */;
			proxyType = 1;
			remoteGlobalIDString = 6E2883A91FC2EFE2002A012E;
			remoteInfo = xcuitestexample;
		};
/* End PBXContainerItemProxy section */

/* Begin PBXFileReference section */
		6E2883AA1FC2EFE2002A012E /* xcuitestexample.app */ = {isa = PBXFileReference; explicitFileType = wrapper.application; includeInIndex = 0; path = xcuitestexample.app; sourceTree = BUILT_PRODUCTS_DIR; };
		6E2883AD1FC2EFE2002A012E /* AppDelegate.swift */ = {isa = PBXFileReference; lastKnownFileType = sourcecode.swift; path = AppDelegate.swift; sourceTree = "<group>"; };
		6E2883B21FC2EFE2002A012E /* Base */ = {isa = PBXFileReference; lastKnownFileType = file.storyboard; name = Base; path = Base.lproj/Main.storyboard; sourceTree = "<group>"; };
		6E2883B41FC2EFE2002A012E /* Assets.xcassets */ = {isa = PBXFileReference; lastKnownFileType = folder.assetcatalog; path = Assets.xcassets; sourceTree = "<group>"; };
		6E2883B71FC2EFE2002A012E /* Base */ = {isa = PBXFileReference; lastKnownFileType = file.storyboard; name = Base; path = Base.lproj/LaunchScreen.storyboard; sourceTree = "<group>"; };
		6E2883B91FC2EFE2002A012E /* Info.plist */ = {isa = PBXFileReference; lastKnownFileType = text.plist.xml; path = Info.plist; sourceTree = "<group>"; };
		6E2883BE1FC2EFE3002A012E /* xcuitestexampleTests.xctest */ = {isa = PBXFileReference; explicitFileType = wrapper.cfbundle; includeInIndex = 0; path = xcuitestexampleTests.xctest; sourceTree = BUILT_PRODUCTS_DIR; };
		6E2883C21FC2EFE3002A012E /* xcuitestexampleTests.swift */ = {isa = PBXFileReference; lastKnownFileType = sourcecode.swift; path = xcuitestexampleTests.swift; sourceTree = "<group>"; };
		6E2883C41FC2EFE3002A012E /* Info.plist */ = {isa = PBXFileReference; lastKnownFileType = text.plist.xml; path = Info.plist; sourceTree = "<group>"; };
		6E2883C91FC2EFE3002A012E /* xcuitestexampleUITests.xctest */ = {isa = PBXFileReference; explicitFileType = wrapper.cfbundle; includeInIndex = 0; path = xcuitestexampleUITests.xctest; sourceTree = BUILT_PRODUCTS_DIR; };
		6E2883CD1FC2EFE3002A012E /* xcuitestexampleUITests.swift */ = {isa = PBXFileReference; lastKnownFileType = sourcecode.swift; path = xcuitestexampleUITests.swift; sourceTree = "<group>"; };
		6E2883CF1FC2EFE3002A012E /* Info.plist */ = {isa = PBXFileReference; lastKnownFileType = text.plist.xml; path = Info.plist; sourceTree = "<group>"; };
		6E2883DB1FC2F35E002A012E /* MainViewController.swift */ = {isa = PBXFileReference; lastKnownFileType = sourcecode.swift; path = MainViewController.swift; sourceTree = "<group>"; };
		6E2883DF1FC3001B002A012E /* TodoItemViewController.swift */ = {isa = PBXFileReference; lastKnownFileType = sourcecode.swift; path = TodoItemViewController.swift; sourceTree = "<group>"; };
/* End PBXFileReference section */

/* Begin PBXFrameworksBuildPhase section */
		6E2883A71FC2EFE2002A012E /* Frameworks */ = {
			isa = PBXFrameworksBuildPhase;
			buildActionMask = 2147483647;
			files = (
			);
			runOnlyForDeploymentPostprocessing = 0;
		};
		6E2883BB1FC2EFE3002A012E /* Frameworks */ = {
			isa = PBXFrameworksBuildPhase;
			buildActionMask = 2147483647;
			files = (
			);
			runOnlyForDeploymentPostprocessing = 0;
		};
		6E2883C61FC2EFE3002A012E /* Frameworks */ = {
			isa = PBXFrameworksBuildPhase;
			buildActionMask = 2147483647;
			files = (
			);
			runOnlyForDeploymentPostprocessing = 0;
		};
/* End PBXFrameworksBuildPhase section */

/* Begin PBXGroup section */
		6E2883A11FC2EFE2002A012E = {
			isa = PBXGroup;
			children = (
				6E2883AC1FC2EFE2002A012E /* xcuitestexample */,
				6E2883C11FC2EFE3002A012E /* xcuitestexampleTests */,
				6E2883CC1FC2EFE3002A012E /* xcuitestexampleUITests */,
				6E2883AB1FC2EFE2002A012E /* Products */,
			);
			sourceTree = "<group>";
		};
		6E2883AB1FC2EFE2002A012E /* Products */ = {
			isa = PBXGroup;
			children = (
				6E2883AA1FC2EFE2002A012E /* xcuitestexample.app */,
				6E2883BE1FC2EFE3002A012E /* xcuitestexampleTests.xctest */,
				6E2883C91FC2EFE3002A012E /* xcuitestexampleUITests.xctest */,
			);
			name = Products;
			sourceTree = "<group>";
		};
		6E2883AC1FC2EFE2002A012E /* xcuitestexample */ = {
			isa = PBXGroup;
			children = (
				6E2883AD1FC2EFE2002A012E /* AppDelegate.swift */,
				6E2883B11FC2EFE2002A012E /* Main.storyboard */,
				6E2883B41FC2EFE2002A012E /* Assets.xcassets */,
				6E2883B61FC2EFE2002A012E /* LaunchScreen.storyboard */,
				6E2883B91FC2EFE2002A012E /* Info.plist */,
				6E2883DB1FC2F35E002A012E /* MainViewController.swift */,
				6E2883DF1FC3001B002A012E /* TodoItemViewController.swift */,
			);
			path = xcuitestexample;
			sourceTree = "<group>";
		};
		6E2883C11FC2EFE3002A012E /* xcuitestexampleTests */ = {
			isa = PBXGroup;
			children = (
				6E2883C21FC2EFE3002A012E /* xcuitestexampleTests.swift */,
				6E2883C41FC2EFE3002A012E /* Info.plist */,
			);
			path = xcuitestexampleTests;
			sourceTree = "<group>";
		};
		6E2883CC1FC2EFE3002A012E /* xcuitestexampleUITests */ = {
			isa = PBXGroup;
			children = (
				6E2883CD1FC2EFE3002A012E /* xcuitestexampleUITests.swift */,
				6E2883CF1FC2EFE3002A012E /* Info.plist */,
			);
			path = xcuitestexampleUITests;
			sourceTree = "<group>";
		};
/* End PBXGroup section */

/* Begin PBXNativeTarget section */
		6E2883A91FC2EFE2002A012E /* xcuitestexample */ = {
			isa = PBXNativeTarget;
			buildConfigurationList = 6E2883D21FC2EFE3002A012E /* Build configuration list for PBXNativeTarget "xcuitestexample" */;
			buildPhases = (
				6E2883A61FC2EFE2002A012E /* Sources */,
				6E2883A71FC2EFE2002A012E /* Frameworks */,
				6E2883A81FC2EFE2002A012E /* Resources */,
			);
			buildRules = (
			);
			dependencies = (
			);
			name = xcuitestexample;
			productName = xcuitestexample;
			productReference = 6E2883AA1FC2EFE2002A012E /* xcuitestexample.app */;
			productType = "com.apple.product-type.application";
		};
		6E2883BD1FC2EFE3002A012E /* xcuitestexampleTests */ = {
			isa = PBXNativeTarget;
			buildConfigurationList = 6E2883D51FC2EFE3002A012E /* Build configuration list for PBXNativeTarget "xcuitestexampleTests" */;
			buildPhases = (
				6E2883BA1FC2EFE3002A012E /* Sources */,
				6E2883BB1FC2EFE3002A012E /* Frameworks */,
				6E2883BC1FC2EFE3002A012E /* Resources */,
			);
			buildRules = (
			);
			dependencies = (
				6E2883C01FC2EFE3002A012E /* PBXTargetDependency */,
			);
			name = xcuitestexampleTests;
			productName = xcuitestexampleTests;
			productReference = 6E2883BE1FC2EFE3002A012E /* xcuitestexampleTests.xctest */;
			productType = "com.apple.product-type.bundle.unit-test";
		};
		6E2883C81FC2EFE3002A012E /* xcuitestexampleUITests */ = {
			isa = PBXNativeTarget;
			buildConfigurationList = 6E2883D81FC2EFE3002A012E /* Build configuration list for PBXNativeTarget "xcuitestexampleUITests" */;
			buildPhases = (
				6E2883C51FC2EFE3002A012E /* Sources */,
				6E2883C61FC2EFE3002A012E /* Frameworks */,
				6E2883C71FC2EFE3002A012E /* Resources */,
			);
			buildRules = (
			);
			dependencies = (
				6E2883CB1FC2EFE3002A012E /* PBXTargetDependency */,
			);
			name = xcuitestexampleUITests;
			productName = xcuitestexampleUITests;
			productReference = 6E2883C91FC2EFE3002A012E /* xcuitestexampleUITests.xctest */;
			productType = "com.apple.product-type.bundle.ui-testing";
		};
/* End PBXNativeTarget section */

/* Begin PBXProject section */
		6E2883A21FC2EFE2002A012E /* Project object */ = {
			isa = PBXProject;
			attributes = {
				LastSwiftUpdateCheck = 0910;
				LastUpgradeCheck = 0930;
				ORGANIZATIONNAME = microsoft;
				TargetAttributes = {
					6E2883A91FC2EFE2002A012E = {
						CreatedOnToolsVersion = 9.1;
						ProvisioningStyle = Automatic;
					};
					6E2883BD1FC2EFE3002A012E = {
						CreatedOnToolsVersion = 9.1;
						ProvisioningStyle = Automatic;
						TestTargetID = 6E2883A91FC2EFE2002A012E;
					};
					6E2883C81FC2EFE3002A012E = {
						CreatedOnToolsVersion = 9.1;
						ProvisioningStyle = Automatic;
						TestTargetID = 6E2883A91FC2EFE2002A012E;
					};
				};
			};
			buildConfigurationList = 6E2883A51FC2EFE2002A012E /* Build configuration list for PBXProject "xcuitestexample" */;
			compatibilityVersion = "Xcode 8.0";
			developmentRegion = en;
			hasScannedForEncodings = 0;
			knownRegions = (
				en,
				Base,
			);
			mainGroup = 6E2883A11FC2EFE2002A012E;
			productRefGroup = 6E2883AB1FC2EFE2002A012E /* Products */;
			projectDirPath = "";
			projectRoot = "";
			targets = (
				6E2883A91FC2EFE2002A012E /* xcuitestexample */,
				6E2883BD1FC2EFE3002A012E /* xcuitestexampleTests */,
				6E2883C81FC2EFE3002A012E /* xcuitestexampleUITests */,
			);
		};
/* End PBXProject section */

/* Begin PBXResourcesBuildPhase section */
		6E2883A81FC2EFE2002A012E /* Resources */ = {
			isa = PBXResourcesBuildPhase;
			buildActionMask = 2147483647;
			files = (
				6E2883B81FC2EFE2002A012E /* LaunchScreen.storyboard in Resources */,
				6E2883B51FC2EFE2002A012E /* Assets.xcassets in Resources */,
				6E2883B31FC2EFE2002A012E /* Main.storyboard in Resources */,
			);
			runOnlyForDeploymentPostprocessing = 0;
		};
		6E2883BC1FC2EFE3002A012E /* Resources */ = {
			isa = PBXResourcesBuildPhase;
			buildActionMask = 2147483647;
			files = (
			);
			runOnlyForDeploymentPostprocessing = 0;
		};
		6E2883C71FC2EFE3002A012E /* Resources */ = {
			isa = PBXResourcesBuildPhase;
			buildActionMask = 2147483647;
			files = (
			);
			runOnlyForDeploymentPostprocessing = 0;
		};
/* End PBXResourcesBuildPhase section */

/* Begin PBXSourcesBuildPhase section */
		6E2883A61FC2EFE2002A012E /* Sources */ = {
			isa = PBXSourcesBuildPhase;
			buildActionMask = 2147483647;
			files = (
				6E2883E01FC3001B002A012E /* TodoItemViewController.swift in Sources */,
				6E2883DC1FC2F35E002A012E /* MainViewController.swift in Sources */,
				6E2883AE1FC2EFE2002A012E /* AppDelegate.swift in Sources */,
			);
			runOnlyForDeploymentPostprocessing = 0;
		};
		6E2883BA1FC2EFE3002A012E /* Sources */ = {
			isa = PBXSourcesBuildPhase;
			buildActionMask = 2147483647;
			files = (
				6E2883E11FC3001B002A012E /* TodoItemViewController.swift in Sources */,
				6E2883C31FC2EFE3002A012E /* xcuitestexampleTests.swift in Sources */,
				6E2883DD1FC2F35E002A012E /* MainViewController.swift in Sources */,
			);
			runOnlyForDeploymentPostprocessing = 0;
		};
		6E2883C51FC2EFE3002A012E /* Sources */ = {
			isa = PBXSourcesBuildPhase;
			buildActionMask = 2147483647;
			files = (
				6E2883E21FC3001B002A012E /* TodoItemViewController.swift in Sources */,
				6E2883CE1FC2EFE3002A012E /* xcuitestexampleUITests.swift in Sources */,
				6E2883DE1FC2F35E002A012E /* MainViewController.swift in Sources */,
			);
			runOnlyForDeploymentPostprocessing = 0;
		};
/* End PBXSourcesBuildPhase section */

/* Begin PBXTargetDependency section */
		6E2883C01FC2EFE3002A012E /* PBXTargetDependency */ = {
			isa = PBXTargetDependency;
			target = 6E2883A91FC2EFE2002A012E /* xcuitestexample */;
			targetProxy = 6E2883BF1FC2EFE3002A012E /* PBXContainerItemProxy */;
		};
		6E2883CB1FC2EFE3002A012E /* PBXTargetDependency */ = {
			isa = PBXTargetDependency;
			target = 6E2883A91FC2EFE2002A012E /* xcuitestexample */;
			targetProxy = 6E2883CA1FC2EFE3002A012E /* PBXContainerItemProxy */;
		};
/* End PBXTargetDependency section */

/* Begin PBXVariantGroup section */
		6E2883B11FC2EFE2002A012E /* Main.storyboard */ = {
			isa = PBXVariantGroup;
			children = (
				6E2883B21FC2EFE2002A012E /* Base */,
			);
			name = Main.storyboard;
			sourceTree = "<group>";
		};
		6E2883B61FC2EFE2002A012E /* LaunchScreen.storyboard */ = {
			isa = PBXVariantGroup;
			children = (
				6E2883B71FC2EFE2002A012E /* Base */,
			);
			name = LaunchScreen.storyboard;
			sourceTree = "<group>";
		};
/* End PBXVariantGroup section */

/* Begin XCBuildConfiguration section */
		6E2883D01FC2EFE3002A012E /* Debug */ = {
			isa = XCBuildConfiguration;
			buildSettings = {
				ALWAYS_SEARCH_USER_PATHS = NO;
				CLANG_ANALYZER_NONNULL = YES;
				CLANG_ANALYZER_NUMBER_OBJECT_CONVERSION = YES_AGGRESSIVE;
				CLANG_CXX_LANGUAGE_STANDARD = "gnu++14";
				CLANG_CXX_LIBRARY = "libc++";
				CLANG_ENABLE_MODULES = YES;
				CLANG_ENABLE_OBJC_ARC = YES;
				CLANG_WARN_BLOCK_CAPTURE_AUTORELEASING = YES;
				CLANG_WARN_BOOL_CONVERSION = YES;
				CLANG_WARN_COMMA = YES;
				CLANG_WARN_CONSTANT_CONVERSION = YES;
				CLANG_WARN_DEPRECATED_OBJC_IMPLEMENTATIONS = YES;
				CLANG_WARN_DIRECT_OBJC_ISA_USAGE = YES_ERROR;
				CLANG_WARN_DOCUMENTATION_COMMENTS = YES;
				CLANG_WARN_EMPTY_BODY = YES;
				CLANG_WARN_ENUM_CONVERSION = YES;
				CLANG_WARN_INFINITE_RECURSION = YES;
				CLANG_WARN_INT_CONVERSION = YES;
				CLANG_WARN_NON_LITERAL_NULL_CONVERSION = YES;
				CLANG_WARN_OBJC_IMPLICIT_RETAIN_SELF = YES;
				CLANG_WARN_OBJC_LITERAL_CONVERSION = YES;
				CLANG_WARN_OBJC_ROOT_CLASS = YES_ERROR;
				CLANG_WARN_RANGE_LOOP_ANALYSIS = YES;
				CLANG_WARN_STRICT_PROTOTYPES = YES;
				CLANG_WARN_SUSPICIOUS_MOVE = YES;
				CLANG_WARN_UNGUARDED_AVAILABILITY = YES_AGGRESSIVE;
				CLANG_WARN_UNREACHABLE_CODE = YES;
				CLANG_WARN__DUPLICATE_METHOD_MATCH = YES;
				CODE_SIGN_IDENTITY = "iPhone Developer";
				COPY_PHASE_STRIP = NO;
				DEBUG_INFORMATION_FORMAT = dwarf;
				ENABLE_STRICT_OBJC_MSGSEND = YES;
				ENABLE_TESTABILITY = YES;
				GCC_C_LANGUAGE_STANDARD = gnu11;
				GCC_DYNAMIC_NO_PIC = NO;
				GCC_NO_COMMON_BLOCKS = YES;
				GCC_OPTIMIZATION_LEVEL = 0;
				GCC_PREPROCESSOR_DEFINITIONS = (
					"DEBUG=1",
					"$(inherited)",
				);
				GCC_WARN_64_TO_32_BIT_CONVERSION = YES;
				GCC_WARN_ABOUT_RETURN_TYPE = YES_ERROR;
				GCC_WARN_UNDECLARED_SELECTOR = YES;
				GCC_WARN_UNINITIALIZED_AUTOS = YES_AGGRESSIVE;
				GCC_WARN_UNUSED_FUNCTION = YES;
				GCC_WARN_UNUSED_VARIABLE = YES;
				IPHONEOS_DEPLOYMENT_TARGET = 11.1;
				MTL_ENABLE_DEBUG_INFO = YES;
				ONLY_ACTIVE_ARCH = YES;
				SDKROOT = iphoneos;
				SWIFT_ACTIVE_COMPILATION_CONDITIONS = DEBUG;
				SWIFT_OPTIMIZATION_LEVEL = "-Onone";
			};
			name = Debug;
		};
		6E2883D11FC2EFE3002A012E /* Release */ = {
			isa = XCBuildConfiguration;
			buildSettings = {
				ALWAYS_SEARCH_USER_PATHS = NO;
				CLANG_ANALYZER_NONNULL = YES;
				CLANG_ANALYZER_NUMBER_OBJECT_CONVERSION = YES_AGGRESSIVE;
				CLANG_CXX_LANGUAGE_STANDARD = "gnu++14";
				CLANG_CXX_LIBRARY = "libc++";
				CLANG_ENABLE_MODULES = YES;
				CLANG_ENABLE_OBJC_ARC = YES;
				CLANG_WARN_BLOCK_CAPTURE_AUTORELEASING = YES;
				CLANG_WARN_BOOL_CONVERSION = YES;
				CLANG_WARN_COMMA = YES;
				CLANG_WARN_CONSTANT_CONVERSION = YES;
				CLANG_WARN_DEPRECATED_OBJC_IMPLEMENTATIONS = YES;
				CLANG_WARN_DIRECT_OBJC_ISA_USAGE = YES_ERROR;
				CLANG_WARN_DOCUMENTATION_COMMENTS = YES;
				CLANG_WARN_EMPTY_BODY = YES;
				CLANG_WARN_ENUM_CONVERSION = YES;
				CLANG_WARN_INFINITE_RECURSION = YES;
				CLANG_WARN_INT_CONVERSION = YES;
				CLANG_WARN_NON_LITERAL_NULL_CONVERSION = YES;
				CLANG_WARN_OBJC_IMPLICIT_RETAIN_SELF = YES;
				CLANG_WARN_OBJC_LITERAL_CONVERSION = YES;
				CLANG_WARN_OBJC_ROOT_CLASS = YES_ERROR;
				CLANG_WARN_RANGE_LOOP_ANALYSIS = YES;
				CLANG_WARN_STRICT_PROTOTYPES = YES;
				CLANG_WARN_SUSPICIOUS_MOVE = YES;
				CLANG_WARN_UNGUARDED_AVAILABILITY = YES_AGGRESSIVE;
				CLANG_WARN_UNREACHABLE_CODE = YES;
				CLANG_WARN__DUPLICATE_METHOD_MATCH = YES;
				CODE_SIGN_IDENTITY = "iPhone Developer";
				COPY_PHASE_STRIP = NO;
				DEBUG_INFORMATION_FORMAT = "dwarf-with-dsym";
				ENABLE_NS_ASSERTIONS = NO;
				ENABLE_STRICT_OBJC_MSGSEND = YES;
				GCC_C_LANGUAGE_STANDARD = gnu11;
				GCC_NO_COMMON_BLOCKS = YES;
				GCC_WARN_64_TO_32_BIT_CONVERSION = YES;
				GCC_WARN_ABOUT_RETURN_TYPE = YES_ERROR;
				GCC_WARN_UNDECLARED_SELECTOR = YES;
				GCC_WARN_UNINITIALIZED_AUTOS = YES_AGGRESSIVE;
				GCC_WARN_UNUSED_FUNCTION = YES;
				GCC_WARN_UNUSED_VARIABLE = YES;
				IPHONEOS_DEPLOYMENT_TARGET = 11.1;
				MTL_ENABLE_DEBUG_INFO = NO;
				SDKROOT = iphoneos;
				SWIFT_OPTIMIZATION_LEVEL = "-Owholemodule";
				VALIDATE_PRODUCT = YES;
			};
			name = Release;
		};
		6E2883D31FC2EFE3002A012E /* Debug */ = {
			isa = XCBuildConfiguration;
			buildSettings = {
				ASSETCATALOG_COMPILER_APPICON_NAME = AppIcon;
				CODE_SIGN_STYLE = Automatic;
				DEVELOPMENT_TEAM = G865E4Z265;
				INFOPLIST_FILE = xcuitestexample/Info.plist;
				LD_RUNPATH_SEARCH_PATHS = "$(inherited) @executable_path/Frameworks";
				PRODUCT_BUNDLE_IDENTIFIER = com.microsoft.xcuitestexample;
				PRODUCT_NAME = "$(TARGET_NAME)";
				SWIFT_VERSION = 4.0;
				TARGETED_DEVICE_FAMILY = "1,2";
			};
			name = Debug;
		};
		6E2883D41FC2EFE3002A012E /* Release */ = {
			isa = XCBuildConfiguration;
			buildSettings = {
				ASSETCATALOG_COMPILER_APPICON_NAME = AppIcon;
				CODE_SIGN_STYLE = Automatic;
				DEVELOPMENT_TEAM = G865E4Z265;
				INFOPLIST_FILE = xcuitestexample/Info.plist;
				LD_RUNPATH_SEARCH_PATHS = "$(inherited) @executable_path/Frameworks";
				PRODUCT_BUNDLE_IDENTIFIER = com.microsoft.xcuitestexample;
				PRODUCT_NAME = "$(TARGET_NAME)";
				SWIFT_VERSION = 4.0;
				TARGETED_DEVICE_FAMILY = "1,2";
			};
			name = Release;
		};
		6E2883D61FC2EFE3002A012E /* Debug */ = {
			isa = XCBuildConfiguration;
			buildSettings = {
				ALWAYS_EMBED_SWIFT_STANDARD_LIBRARIES = YES;
				BUNDLE_LOADER = "$(TEST_HOST)";
				CODE_SIGN_STYLE = Automatic;
				DEVELOPMENT_TEAM = G865E4Z265;
				INFOPLIST_FILE = xcuitestexampleTests/Info.plist;
				LD_RUNPATH_SEARCH_PATHS = "$(inherited) @executable_path/Frameworks @loader_path/Frameworks";
				PRODUCT_BUNDLE_IDENTIFIER = com.microsoft.xcuitestexampleTests;
				PRODUCT_NAME = "$(TARGET_NAME)";
				SWIFT_VERSION = 4.0;
				TARGETED_DEVICE_FAMILY = "1,2";
				TEST_HOST = "$(BUILT_PRODUCTS_DIR)/xcuitestexample.app/xcuitestexample";
			};
			name = Debug;
		};
		6E2883D71FC2EFE3002A012E /* Release */ = {
			isa = XCBuildConfiguration;
			buildSettings = {
				ALWAYS_EMBED_SWIFT_STANDARD_LIBRARIES = YES;
				BUNDLE_LOADER = "$(TEST_HOST)";
				CODE_SIGN_STYLE = Automatic;
				DEVELOPMENT_TEAM = G865E4Z265;
				INFOPLIST_FILE = xcuitestexampleTests/Info.plist;
				LD_RUNPATH_SEARCH_PATHS = "$(inherited) @executable_path/Frameworks @loader_path/Frameworks";
				PRODUCT_BUNDLE_IDENTIFIER = com.microsoft.xcuitestexampleTests;
				PRODUCT_NAME = "$(TARGET_NAME)";
				SWIFT_VERSION = 4.0;
				TARGETED_DEVICE_FAMILY = "1,2";
				TEST_HOST = "$(BUILT_PRODUCTS_DIR)/xcuitestexample.app/xcuitestexample";
			};
			name = Release;
		};
		6E2883D91FC2EFE3002A012E /* Debug */ = {
			isa = XCBuildConfiguration;
			buildSettings = {
				ALWAYS_EMBED_SWIFT_STANDARD_LIBRARIES = YES;
				CODE_SIGN_STYLE = Automatic;
				DEVELOPMENT_TEAM = G865E4Z265;
				INFOPLIST_FILE = xcuitestexampleUITests/Info.plist;
				LD_RUNPATH_SEARCH_PATHS = "$(inherited) @executable_path/Frameworks @loader_path/Frameworks";
				PRODUCT_BUNDLE_IDENTIFIER = com.microsoft.xcuitestexampleUITests;
				PRODUCT_NAME = "$(TARGET_NAME)";
				SWIFT_VERSION = 4.0;
				TARGETED_DEVICE_FAMILY = "1,2";
				TEST_TARGET_NAME = xcuitestexample;
			};
			name = Debug;
		};
		6E2883DA1FC2EFE3002A012E /* Release */ = {
			isa = XCBuildConfiguration;
			buildSettings = {
				ALWAYS_EMBED_SWIFT_STANDARD_LIBRARIES = YES;
				CODE_SIGN_STYLE = Automatic;
				DEVELOPMENT_TEAM = G865E4Z265;
				INFOPLIST_FILE = xcuitestexampleUITests/Info.plist;
				LD_RUNPATH_SEARCH_PATHS = "$(inherited) @executable_path/Frameworks @loader_path/Frameworks";
				PRODUCT_BUNDLE_IDENTIFIER = com.microsoft.xcuitestexampleUITests;
				PRODUCT_NAME = "$(TARGET_NAME)";
				SWIFT_VERSION = 4.0;
				TARGETED_DEVICE_FAMILY = "1,2";
				TEST_TARGET_NAME = xcuitestexample;
			};
			name = Release;
		};
/* End XCBuildConfiguration section */

/* Begin XCConfigurationList section */
		6E2883A51FC2EFE2002A012E /* Build configuration list for PBXProject "xcuitestexample" */ = {
			isa = XCConfigurationList;
			buildConfigurations = (
				6E2883D01FC2EFE3002A012E /* Debug */,
				6E2883D11FC2EFE3002A012E /* Release */,
			);
			defaultConfigurationIsVisible = 0;
			defaultConfigurationName = Release;
		};
		6E2883D21FC2EFE3002A012E /* Build configuration list for PBXNativeTarget "xcuitestexample" */ = {
			isa = XCConfigurationList;
			buildConfigurations = (
				6E2883D31FC2EFE3002A012E /* Debug */,
				6E2883D41FC2EFE3002A012E /* Release */,
			);
			defaultConfigurationIsVisible = 0;
			defaultConfigurationName = Release;
		};
		6E2883D51FC2EFE3002A012E /* Build configuration list for PBXNativeTarget "xcuitestexampleTests" */ = {
			isa = XCConfigurationList;
			buildConfigurations = (
				6E2883D61FC2EFE3002A012E /* Debug */,
				6E2883D71FC2EFE3002A012E /* Release */,
			);
			defaultConfigurationIsVisible = 0;
			defaultConfigurationName = Release;
		};
		6E2883D81FC2EFE3002A012E /* Build configuration list for PBXNativeTarget "xcuitestexampleUITests" */ = {
			isa = XCConfigurationList;
			buildConfigurations = (
				6E2883D91FC2EFE3002A012E /* Debug */,
				6E2883DA1FC2EFE3002A012E /* Release */,
			);
			defaultConfigurationIsVisible = 0;
			defaultConfigurationName = Release;
		};
/* End XCConfigurationList section */
	};
	rootObject = 6E2883A21FC2EFE2002A012E /* Project object */;
}
